
Microsoft Visual Studio Solution File, Format Version 12.00
Project("{FAE04EC0-301F-11D3-BF4B-00C04F79EFBC}") = "ChildOpener", "ChildOpener\ChildOpener.csproj", "{266424E8-FB0B-4E23-B3AF-91A557673B2F}"
EndProject
Project("{FAE04EC0-301F-11D3-BF4B-00C04F79EFBC}") = "Child", "Child\Child.csproj", "{2737B02F-C22C-45D3-A35F-E9EF93A072A6}"
EndProject
Project("{FAE04EC0-301F-11D3-BF4B-00C04F79EFBC}") = "ChildService", "ChildService\ChildService.csproj", "{B38AEE5D-73B7-4B6C-AFF7-7AFFFF4C86AA}"
EndProject
Global
	GlobalSection(SolutionConfigurationPlatforms) = preSolution
		Debug|Any CPU = Debug|Any CPU
		Release|Any CPU = Release|Any CPU
	EndGlobalSection
	GlobalSection(ProjectConfigurationPlatforms) = postSolution
		{266424E8-FB0B-4E23-B3AF-91A557673B2F}.Debug|Any CPU.ActiveCfg = Debug|Any CPU
		{266424E8-FB0B-4E23-B3AF-91A557673B2F}.Debug|Any CPU.Build.0 = Debug|Any CPU
		{266424E8-FB0B-4E23-B3AF-91A557673B2F}.Release|Any CPU.ActiveCfg = Release|Any CPU
		{266424E8-FB0B-4E23-B3AF-91A557673B2F}.Release|Any CPU.Build.0 = Release|Any CPU
		{2737B02F-C22C-45D3-A35F-E9EF93A072A6}.Debug|Any CPU.ActiveCfg = Debug|Any CPU
		{2737B02F-C22C-45D3-A35F-E9EF93A072A6}.Debug|Any CPU.Build.0 = Debug|Any CPU
		{2737B02F-C22C-45D3-A35F-E9EF93A072A6}.Release|Any CPU.ActiveCfg = Release|Any CPU
		{2737B02F-C22C-45D3-A35F-E9EF93A072A6}.Release|Any CPU.Build.0 = Release|Any CPU
		{B38AEE5D-73B7-4B6C-AFF7-7AFFFF4C86AA}.Debug|Any CPU.ActiveCfg = Debug|Any CPU
		{B38AEE5D-73B7-4B6C-AFF7-7AFFFF4C86AA}.Debug|Any CPU.Build.0 = Debug|Any CPU
		{B38AEE5D-73B7-4B6C-AFF7-7AFFFF4C86AA}.Release|Any CPU.ActiveCfg = Release|Any CPU
		{B38AEE5D-73B7-4B6C-AFF7-7AFFFF4C86AA}.Release|Any CPU.Build.0 = Release|Any CPU
	EndGlobalSection
EndGlobal
